github.com/pborman/getopt/v2 v2.1.0 h1:eNfR+r+dWLdWmV8g5OlpyrTYHkhVNxHBdN2cCrJmOEA=
github.com/pborman/getopt/v2 v2.1.0/go.mod h1:4NtW75ny4eBw9fO1bhtNdYTlZKYX5/tBLtsOpwKIKd0=
github.com/rsc/getopt v0.0.0-20170811000552-20be20937449 h1:X0nEEUOPBAnG5oJFoM0l28BlfL1u57QHsZemNtqi0uk=
github.com/rsc/getopt v0.0.0-20170811000552-20be20937449/go.mod h1:WTfOHN51lH2Zo/uvB/C8p9eHhLlcyolyJVg8bkAjHpQ=
